
Microsoft Visual Studio Solution File, Format Version 12.00
# Visual Studio Version 17
VisualStudioVersion = 17.5.33414.496
MinimumVisualStudioVersion = 10.0.40219.1
Project("{2150E333-8FDC-42A3-9474-1A3956D46DE8}") = "Services", "Services", "{93B71E65-AC62-47AE-AF0E-69CE90723D29}"
EndProject
Project("{2150E333-8FDC-42A3-9474-1A3956D46DE8}") = "WebApps", "WebApps", "{02978C04-AC79-44A9-AB0C-113DC69BC8A1}"
EndProject
Project("{2150E333-8FDC-42A3-9474-1A3956D46DE8}") = "Cadastros", "Cadastros", "{17FAEA7B-23DE-418F-8027-B2D86BD65AB0}"
EndProject
Project("{2150E333-8FDC-42A3-9474-1A3956D46DE8}") = "Catalogo", "Catalogo", "{3B331427-D626-4C78-A2B0-137BE1BBF77E}"
EndProject
Project("{2150E333-8FDC-42A3-9474-1A3956D46DE8}") = "Core", "Core", "{6CCC514D-32BC-4809-A9E7-B12309DE04E9}"
EndProject
Project("{2150E333-8FDC-42A3-9474-1A3956D46DE8}") = "Fiscal", "Fiscal", "{C3172290-001D-4869-81C4-0DE4B41E7CD1}"
EndProject
Project("{2150E333-8FDC-42A3-9474-1A3956D46DE8}") = "Pagamentos", "Pagamentos", "{CFFB90C6-CC1D-4541-A8F4-09FC9491AA63}"
EndProject
Project("{2150E333-8FDC-42A3-9474-1A3956D46DE8}") = "Vendas", "Vendas", "{9DE8D21B-8F0D-40E3-B3B4-FED795F06733}"
EndProject
Project("{9A19103F-16F7-4668-BE54-9A1E7A4F7556}") = "NerdStore.Catalogo.Domain", "src\NerdStore.Catalogo.Domain\NerdStore.Catalogo.Domain.csproj", "{EDC82D60-CB20-48BC-B73E-046E5D9330B9}"
EndProject
Project("{9A19103F-16F7-4668-BE54-9A1E7A4F7556}") = "NerdStore.Core", "src\NerdStore.Core\NerdStore.Core.csproj", "{93BE4504-B6F8-4A20-8D20-A83C196EC4AC}"
EndProject
Project("{2150E333-8FDC-42A3-9474-1A3956D46DE8}") = "Tests", "Tests", "{66ECB849-D03C-4DBE-8F7B-BBA77EBD599C}"
EndProject
Project("{FAE04EC0-301F-11D3-BF4B-00C04F79EFBC}") = "NerdStore.Catalogo.Domain.Tests", "tests\NerdStore.Catalogo.Domain.Tests\NerdStore.Catalogo.Domain.Tests.csproj", "{D381E135-1392-49E0-A1DC-4FF33E8796FE}"
EndProject
Global
	GlobalSection(SolutionConfigurationPlatforms) = preSolution
		Debug|Any CPU = Debug|Any CPU
		Release|Any CPU = Release|Any CPU
	EndGlobalSection
	GlobalSection(ProjectConfigurationPlatforms) = postSolution
		{EDC82D60-CB20-48BC-B73E-046E5D9330B9}.Debug|Any CPU.ActiveCfg = Debug|Any CPU
		{EDC82D60-CB20-48BC-B73E-046E5D9330B9}.Debug|Any CPU.Build.0 = Debug|Any CPU
		{EDC82D60-CB20-48BC-B73E-046E5D9330B9}.Release|Any CPU.ActiveCfg = Release|Any CPU
		{EDC82D60-CB20-48BC-B73E-046E5D9330B9}.Release|Any CPU.Build.0 = Release|Any CPU
		{93BE4504-B6F8-4A20-8D20-A83C196EC4AC}.Debug|Any CPU.ActiveCfg = Debug|Any CPU
		{93BE4504-B6F8-4A20-8D20-A83C196EC4AC}.Debug|Any CPU.Build.0 = Debug|Any CPU
		{93BE4504-B6F8-4A20-8D20-A83C196EC4AC}.Release|Any CPU.ActiveCfg = Release|Any CPU
		{93BE4504-B6F8-4A20-8D20-A83C196EC4AC}.Release|Any CPU.Build.0 = Release|Any CPU
		{D381E135-1392-49E0-A1DC-4FF33E8796FE}.Debug|Any CPU.ActiveCfg = Debug|Any CPU
		{D381E135-1392-49E0-A1DC-4FF33E8796FE}.Debug|Any CPU.Build.0 = Debug|Any CPU
		{D381E135-1392-49E0-A1DC-4FF33E8796FE}.Release|Any CPU.ActiveCfg = Release|Any CPU
		{D381E135-1392-49E0-A1DC-4FF33E8796FE}.Release|Any CPU.Build.0 = Release|Any CPU
	EndGlobalSection
	GlobalSection(SolutionProperties) = preSolution
		HideSolutionNode = FALSE
	EndGlobalSection
	GlobalSection(NestedProjects) = preSolution
		{17FAEA7B-23DE-418F-8027-B2D86BD65AB0} = {93B71E65-AC62-47AE-AF0E-69CE90723D29}
		{3B331427-D626-4C78-A2B0-137BE1BBF77E} = {93B71E65-AC62-47AE-AF0E-69CE90723D29}
		{6CCC514D-32BC-4809-A9E7-B12309DE04E9} = {93B71E65-AC62-47AE-AF0E-69CE90723D29}
		{C3172290-001D-4869-81C4-0DE4B41E7CD1} = {93B71E65-AC62-47AE-AF0E-69CE90723D29}
		{CFFB90C6-CC1D-4541-A8F4-09FC9491AA63} = {93B71E65-AC62-47AE-AF0E-69CE90723D29}
		{9DE8D21B-8F0D-40E3-B3B4-FED795F06733} = {93B71E65-AC62-47AE-AF0E-69CE90723D29}
		{EDC82D60-CB20-48BC-B73E-046E5D9330B9} = {3B331427-D626-4C78-A2B0-137BE1BBF77E}
		{93BE4504-B6F8-4A20-8D20-A83C196EC4AC} = {6CCC514D-32BC-4809-A9E7-B12309DE04E9}
		{66ECB849-D03C-4DBE-8F7B-BBA77EBD599C} = {3B331427-D626-4C78-A2B0-137BE1BBF77E}
		{D381E135-1392-49E0-A1DC-4FF33E8796FE} = {66ECB849-D03C-4DBE-8F7B-BBA77EBD599C}
	EndGlobalSection
	GlobalSection(ExtensibilityGlobals) = postSolution
		SolutionGuid = {6FC7AB48-D70D-458A-BD11-53566EE1CDB7}
	EndGlobalSection
EndGlobal
